
Microsoft Visual Studio Solution File, Format Version 12.00
# Visual Studio 15
VisualStudioVersion = 15.0.28307.572
MinimumVisualStudioVersion = 10.0.40219.1
Project("{FAE04EC0-301F-11D3-BF4B-00C04F79EFBC}") = "CRUD-Alumnos", "CRUD-Alumnos\CRUD-Alumnos.csproj", "{B62BF0E9-D341-4A55-813C-F8CCA297AE03}"
EndProject
Global
	GlobalSection(SolutionConfigurationPlatforms) = preSolution
		Debug|Any CPU = Debug|Any CPU
		Release|Any CPU = Release|Any CPU
	EndGlobalSection
	GlobalSection(ProjectConfigurationPlatforms) = postSolution
		{B62BF0E9-D341-4A55-813C-F8CCA297AE03}.Debug|Any CPU.ActiveCfg = Debug|Any CPU
		{B62BF0E9-D341-4A55-813C-F8CCA297AE03}.Debug|Any CPU.Build.0 = Debug|Any CPU
		{B62BF0E9-D341-4A55-813C-F8CCA297AE03}.Release|Any CPU.ActiveCfg = Release|Any CPU
		{B62BF0E9-D341-4A55-813C-F8CCA297AE03}.Release|Any CPU.Build.0 = Release|Any CPU
	EndGlobalSection
	GlobalSection(SolutionProperties) = preSolution
		HideSolutionNode = FALSE
	EndGlobalSection
	GlobalSection(ExtensibilityGlobals) = postSolution
		SolutionGuid = {6C457E87-C28A-42DE-9C76-25A46216A6ED}
	EndGlobalSection
EndGlobal
